
Microsoft Visual Studio Solution File, Format Version 12.00
# Visual Studio Version 17
VisualStudioVersion = 17.9.34728.123
MinimumVisualStudioVersion = 10.0.40219.1
Project("{FAE04EC0-301F-11D3-BF4B-00C04F79EFBC}") = "TestingVGLTU", "TestingVGLTU\TestingVGLTU.csproj", "{2B161689-BE8F-B08E-D976-6F0519AD660F}"
EndProject
Project("{2150E333-8FDC-42A3-9474-1A3956D46DE8}") = "LayoutTestings", "LayoutTestings", "{36D591C7-65C7-A0D1-1CBC-10CDE441BDC8}"
EndProject
Project("{2150E333-8FDC-42A3-9474-1A3956D46DE8}") = "ActiveTestings", "ActiveTestings", "{5D4A5C07-6890-4FEC-9F25-79305908F201}"
EndProject
Project("{2150E333-8FDC-42A3-9474-1A3956D46DE8}") = "Accounts", "Accounts", "{8C9A7B80-0FE1-4D4B-8DB5-6E1EBA2D593E}"
EndProject
Project("{FAE04EC0-301F-11D3-BF4B-00C04F79EFBC}") = "TestingVGLTU.Infrastructure", "TestingVGLTU.Infrastructure\TestingVGLTU.Infrastructure.csproj", "{75E995A9-7707-4FFF-8E32-7980990E2A0B}"
EndProject
Project("{2150E333-8FDC-42A3-9474-1A3956D46DE8}") = "Shared", "Shared", "{FA4C2844-FF73-4A74-9850-C8AC480EFA32}"
EndProject
Project("{FAE04EC0-301F-11D3-BF4B-00C04F79EFBC}") = "TestingVGLTU.Accounts.Domain", "Accounts\TestingVGLTU.Accounts.Domain\TestingVGLTU.Accounts.Domain.csproj", "{F73FE758-8F77-4565-A446-B82440AF9BE3}"
EndProject
Project("{FAE04EC0-301F-11D3-BF4B-00C04F79EFBC}") = "TestingVGLTU.Core", "Shared\TestingVGLTU.Core\TestingVGLTU.Core.csproj", "{81604DF3-422B-41D2-9E5C-32566F992A4F}"
EndProject
Project("{FAE04EC0-301F-11D3-BF4B-00C04F79EFBC}") = "TestingVGLTU.Framework", "Shared\TestingVGLTU.Framework\TestingVGLTU.Framework.csproj", "{058F28FC-3150-43BE-925E-B04543F4A632}"
EndProject
Project("{FAE04EC0-301F-11D3-BF4B-00C04F79EFBC}") = "TestingVGLTU.SharedKernel", "Shared\TestingVGLTU.SharedKernel\TestingVGLTU.SharedKernel.csproj", "{25C6B1A2-D703-4849-8791-BF86799965D4}"
EndProject
Project("{FAE04EC0-301F-11D3-BF4B-00C04F79EFBC}") = "TestingVGLTU.Accounts.Contracts", "Accounts\TestingVGLTU.Accounts.Contracts\TestingVGLTU.Accounts.Contracts.csproj", "{FB8A6EBE-A8A0-4C60-8D59-89FA98513E84}"
EndProject
Project("{FAE04EC0-301F-11D3-BF4B-00C04F79EFBC}") = "TestingVGLTU.Accounts.Application", "Accounts\TestingVGLTU.Accounts.Application\TestingVGLTU.Accounts.Application.csproj", "{A8047143-C393-4361-A70D-FF2BC43915B4}"
EndProject
Project("{FAE04EC0-301F-11D3-BF4B-00C04F79EFBC}") = "TestingVGLTU.Accounts.Presentation", "Accounts\TestingVGLTU.Accounts.Presentation\TestingVGLTU.Accounts.Presentation.csproj", "{546BEFC2-280D-49CC-8AA1-1B564967FF5E}"
EndProject
Project("{FAE04EC0-301F-11D3-BF4B-00C04F79EFBC}") = "TestingVGLTU.LayoutTestings.Domain", "LayoutTestings\TestingVGLTU.LayoutTestings.Domain\TestingVGLTU.LayoutTestings.Domain.csproj", "{C57FFEB7-EF5D-4C3E-9E80-B3C2975D4C1D}"
EndProject
Project("{FAE04EC0-301F-11D3-BF4B-00C04F79EFBC}") = "TestingVGLTU.LayoutTestings.Application", "LayoutTestings\TestingVGLTU.LayoutTestings.Application\TestingVGLTU.LayoutTestings.Application.csproj", "{5A16BCE2-F01D-4B6B-8016-3503835F5972}"
EndProject
Project("{FAE04EC0-301F-11D3-BF4B-00C04F79EFBC}") = "TestingVGLTU.LayoutTestings.Contracts", "LayoutTestings\TestingVGLTU.LayoutTestings.Contracts\TestingVGLTU.LayoutTestings.Contracts.csproj", "{CB4CD015-62AA-4E01-9F50-CCD48EBD2A59}"
EndProject
Project("{FAE04EC0-301F-11D3-BF4B-00C04F79EFBC}") = "TestingVGLTU.LayoutTestings.Presentation", "LayoutTestings\TestingVGLTU.LayoutTestings.Presentation\TestingVGLTU.LayoutTestings.Presentation.csproj", "{08C4AEA3-53C8-4415-AD16-090EFD553831}"
EndProject
Project("{FAE04EC0-301F-11D3-BF4B-00C04F79EFBC}") = "TestingVGLTU.ActiveTestings.Application", "ActiveTestings\TestingVGLTU.ActiveTestings.Application\TestingVGLTU.ActiveTestings.Application.csproj", "{AE3F6EF0-7CE8-4C58-8361-058A7F1C5CF9}"
EndProject
Project("{FAE04EC0-301F-11D3-BF4B-00C04F79EFBC}") = "TestingVGLTU.ActiveTestings.Domain", "ActiveTestings\TestingVGLTU.ActiveTestings.Domain\TestingVGLTU.ActiveTestings.Domain.csproj", "{76743742-68A7-45D1-9AA2-E5613E4D8E1E}"
EndProject
Project("{FAE04EC0-301F-11D3-BF4B-00C04F79EFBC}") = "TestingVGLTU.ActiveTestings.Contracts", "ActiveTestings\TestingVGLTU.ActiveTestings.Contracts\TestingVGLTU.ActiveTestings.Contracts.csproj", "{3AB466D2-EC18-4A34-8C29-09F7B4906E45}"
EndProject
Project("{FAE04EC0-301F-11D3-BF4B-00C04F79EFBC}") = "TestingVGLTU.ActiveTestings.Presentation", "ActiveTestings\TestingVGLTU.ActiveTestings.Presentation\TestingVGLTU.ActiveTestings.Presentation.csproj", "{F309B529-2630-4E13-A7D9-AB67A10A2BCC}"
EndProject
Project("{E53339B2-1760-4266-BCC7-CA923CBCF16C}") = "docker-compose", "docker-compose.dcproj", "{81DDED9D-158B-E303-5F62-77A2896D2A5A}"
EndProject
Project("{2150E333-8FDC-42A3-9474-1A3956D46DE8}") = "src", "src", "{51B3710F-2AC6-4BA4-9E6E-EAD83A1AF633}"
EndProject
Global
	GlobalSection(SolutionConfigurationPlatforms) = preSolution
		Debug|Any CPU = Debug|Any CPU
		Release|Any CPU = Release|Any CPU
	EndGlobalSection
	GlobalSection(ProjectConfigurationPlatforms) = postSolution
		{2B161689-BE8F-B08E-D976-6F0519AD660F}.Debug|Any CPU.ActiveCfg = Debug|Any CPU
		{2B161689-BE8F-B08E-D976-6F0519AD660F}.Debug|Any CPU.Build.0 = Debug|Any CPU
		{2B161689-BE8F-B08E-D976-6F0519AD660F}.Release|Any CPU.ActiveCfg = Release|Any CPU
		{2B161689-BE8F-B08E-D976-6F0519AD660F}.Release|Any CPU.Build.0 = Release|Any CPU
		{75E995A9-7707-4FFF-8E32-7980990E2A0B}.Debug|Any CPU.ActiveCfg = Debug|Any CPU
		{75E995A9-7707-4FFF-8E32-7980990E2A0B}.Debug|Any CPU.Build.0 = Debug|Any CPU
		{75E995A9-7707-4FFF-8E32-7980990E2A0B}.Release|Any CPU.ActiveCfg = Release|Any CPU
		{75E995A9-7707-4FFF-8E32-7980990E2A0B}.Release|Any CPU.Build.0 = Release|Any CPU
		{F73FE758-8F77-4565-A446-B82440AF9BE3}.Debug|Any CPU.ActiveCfg = Debug|Any CPU
		{F73FE758-8F77-4565-A446-B82440AF9BE3}.Debug|Any CPU.Build.0 = Debug|Any CPU
		{F73FE758-8F77-4565-A446-B82440AF9BE3}.Release|Any CPU.ActiveCfg = Release|Any CPU
		{F73FE758-8F77-4565-A446-B82440AF9BE3}.Release|Any CPU.Build.0 = Release|Any CPU
		{81604DF3-422B-41D2-9E5C-32566F992A4F}.Debug|Any CPU.ActiveCfg = Debug|Any CPU
		{81604DF3-422B-41D2-9E5C-32566F992A4F}.Debug|Any CPU.Build.0 = Debug|Any CPU
		{81604DF3-422B-41D2-9E5C-32566F992A4F}.Release|Any CPU.ActiveCfg = Release|Any CPU
		{81604DF3-422B-41D2-9E5C-32566F992A4F}.Release|Any CPU.Build.0 = Release|Any CPU
		{058F28FC-3150-43BE-925E-B04543F4A632}.Debug|Any CPU.ActiveCfg = Debug|Any CPU
		{058F28FC-3150-43BE-925E-B04543F4A632}.Debug|Any CPU.Build.0 = Debug|Any CPU
		{058F28FC-3150-43BE-925E-B04543F4A632}.Release|Any CPU.ActiveCfg = Release|Any CPU
		{058F28FC-3150-43BE-925E-B04543F4A632}.Release|Any CPU.Build.0 = Release|Any CPU
		{25C6B1A2-D703-4849-8791-BF86799965D4}.Debug|Any CPU.ActiveCfg = Debug|Any CPU
		{25C6B1A2-D703-4849-8791-BF86799965D4}.Debug|Any CPU.Build.0 = Debug|Any CPU
		{25C6B1A2-D703-4849-8791-BF86799965D4}.Release|Any CPU.ActiveCfg = Release|Any CPU
		{25C6B1A2-D703-4849-8791-BF86799965D4}.Release|Any CPU.Build.0 = Release|Any CPU
		{FB8A6EBE-A8A0-4C60-8D59-89FA98513E84}.Debug|Any CPU.ActiveCfg = Debug|Any CPU
		{FB8A6EBE-A8A0-4C60-8D59-89FA98513E84}.Debug|Any CPU.Build.0 = Debug|Any CPU
		{FB8A6EBE-A8A0-4C60-8D59-89FA98513E84}.Release|Any CPU.ActiveCfg = Release|Any CPU
		{FB8A6EBE-A8A0-4C60-8D59-89FA98513E84}.Release|Any CPU.Build.0 = Release|Any CPU
		{A8047143-C393-4361-A70D-FF2BC43915B4}.Debug|Any CPU.ActiveCfg = Debug|Any CPU
		{A8047143-C393-4361-A70D-FF2BC43915B4}.Debug|Any CPU.Build.0 = Debug|Any CPU
		{A8047143-C393-4361-A70D-FF2BC43915B4}.Release|Any CPU.ActiveCfg = Release|Any CPU
		{A8047143-C393-4361-A70D-FF2BC43915B4}.Release|Any CPU.Build.0 = Release|Any CPU
		{546BEFC2-280D-49CC-8AA1-1B564967FF5E}.Debug|Any CPU.ActiveCfg = Debug|Any CPU
		{546BEFC2-280D-49CC-8AA1-1B564967FF5E}.Debug|Any CPU.Build.0 = Debug|Any CPU
		{546BEFC2-280D-49CC-8AA1-1B564967FF5E}.Release|Any CPU.ActiveCfg = Release|Any CPU
		{546BEFC2-280D-49CC-8AA1-1B564967FF5E}.Release|Any CPU.Build.0 = Release|Any CPU
		{C57FFEB7-EF5D-4C3E-9E80-B3C2975D4C1D}.Debug|Any CPU.ActiveCfg = Debug|Any CPU
		{C57FFEB7-EF5D-4C3E-9E80-B3C2975D4C1D}.Debug|Any CPU.Build.0 = Debug|Any CPU
		{C57FFEB7-EF5D-4C3E-9E80-B3C2975D4C1D}.Release|Any CPU.ActiveCfg = Release|Any CPU
		{C57FFEB7-EF5D-4C3E-9E80-B3C2975D4C1D}.Release|Any CPU.Build.0 = Release|Any CPU
		{5A16BCE2-F01D-4B6B-8016-3503835F5972}.Debug|Any CPU.ActiveCfg = Debug|Any CPU
		{5A16BCE2-F01D-4B6B-8016-3503835F5972}.Debug|Any CPU.Build.0 = Debug|Any CPU
		{5A16BCE2-F01D-4B6B-8016-3503835F5972}.Release|Any CPU.ActiveCfg = Release|Any CPU
		{5A16BCE2-F01D-4B6B-8016-3503835F5972}.Release|Any CPU.Build.0 = Release|Any CPU
		{CB4CD015-62AA-4E01-9F50-CCD48EBD2A59}.Debug|Any CPU.ActiveCfg = Debug|Any CPU
		{CB4CD015-62AA-4E01-9F50-CCD48EBD2A59}.Debug|Any CPU.Build.0 = Debug|Any CPU
		{CB4CD015-62AA-4E01-9F50-CCD48EBD2A59}.Release|Any CPU.ActiveCfg = Release|Any CPU
		{CB4CD015-62AA-4E01-9F50-CCD48EBD2A59}.Release|Any CPU.Build.0 = Release|Any CPU
		{08C4AEA3-53C8-4415-AD16-090EFD553831}.Debug|Any CPU.ActiveCfg = Debug|Any CPU
		{08C4AEA3-53C8-4415-AD16-090EFD553831}.Debug|Any CPU.Build.0 = Debug|Any CPU
		{08C4AEA3-53C8-4415-AD16-090EFD553831}.Release|Any CPU.ActiveCfg = Release|Any CPU
		{08C4AEA3-53C8-4415-AD16-090EFD553831}.Release|Any CPU.Build.0 = Release|Any CPU
		{AE3F6EF0-7CE8-4C58-8361-058A7F1C5CF9}.Debug|Any CPU.ActiveCfg = Debug|Any CPU
		{AE3F6EF0-7CE8-4C58-8361-058A7F1C5CF9}.Debug|Any CPU.Build.0 = Debug|Any CPU
		{AE3F6EF0-7CE8-4C58-8361-058A7F1C5CF9}.Release|Any CPU.ActiveCfg = Release|Any CPU
		{AE3F6EF0-7CE8-4C58-8361-058A7F1C5CF9}.Release|Any CPU.Build.0 = Release|Any CPU
		{76743742-68A7-45D1-9AA2-E5613E4D8E1E}.Debug|Any CPU.ActiveCfg = Debug|Any CPU
		{76743742-68A7-45D1-9AA2-E5613E4D8E1E}.Debug|Any CPU.Build.0 = Debug|Any CPU
		{76743742-68A7-45D1-9AA2-E5613E4D8E1E}.Release|Any CPU.ActiveCfg = Release|Any CPU
		{76743742-68A7-45D1-9AA2-E5613E4D8E1E}.Release|Any CPU.Build.0 = Release|Any CPU
		{3AB466D2-EC18-4A34-8C29-09F7B4906E45}.Debug|Any CPU.ActiveCfg = Debug|Any CPU
		{3AB466D2-EC18-4A34-8C29-09F7B4906E45}.Debug|Any CPU.Build.0 = Debug|Any CPU
		{3AB466D2-EC18-4A34-8C29-09F7B4906E45}.Release|Any CPU.ActiveCfg = Release|Any CPU
		{3AB466D2-EC18-4A34-8C29-09F7B4906E45}.Release|Any CPU.Build.0 = Release|Any CPU
		{F309B529-2630-4E13-A7D9-AB67A10A2BCC}.Debug|Any CPU.ActiveCfg = Debug|Any CPU
		{F309B529-2630-4E13-A7D9-AB67A10A2BCC}.Debug|Any CPU.Build.0 = Debug|Any CPU
		{F309B529-2630-4E13-A7D9-AB67A10A2BCC}.Release|Any CPU.ActiveCfg = Release|Any CPU
		{F309B529-2630-4E13-A7D9-AB67A10A2BCC}.Release|Any CPU.Build.0 = Release|Any CPU
		{81DDED9D-158B-E303-5F62-77A2896D2A5A}.Debug|Any CPU.ActiveCfg = Debug|Any CPU
		{81DDED9D-158B-E303-5F62-77A2896D2A5A}.Debug|Any CPU.Build.0 = Debug|Any CPU
		{81DDED9D-158B-E303-5F62-77A2896D2A5A}.Release|Any CPU.ActiveCfg = Release|Any CPU
		{81DDED9D-158B-E303-5F62-77A2896D2A5A}.Release|Any CPU.Build.0 = Release|Any CPU
	EndGlobalSection
	GlobalSection(SolutionProperties) = preSolution
		HideSolutionNode = FALSE
	EndGlobalSection
	GlobalSection(NestedProjects) = preSolution
		{2B161689-BE8F-B08E-D976-6F0519AD660F} = {51B3710F-2AC6-4BA4-9E6E-EAD83A1AF633}
		{36D591C7-65C7-A0D1-1CBC-10CDE441BDC8} = {51B3710F-2AC6-4BA4-9E6E-EAD83A1AF633}
		{5D4A5C07-6890-4FEC-9F25-79305908F201} = {51B3710F-2AC6-4BA4-9E6E-EAD83A1AF633}
		{8C9A7B80-0FE1-4D4B-8DB5-6E1EBA2D593E} = {51B3710F-2AC6-4BA4-9E6E-EAD83A1AF633}
		{75E995A9-7707-4FFF-8E32-7980990E2A0B} = {51B3710F-2AC6-4BA4-9E6E-EAD83A1AF633}
		{FA4C2844-FF73-4A74-9850-C8AC480EFA32} = {51B3710F-2AC6-4BA4-9E6E-EAD83A1AF633}
		{F73FE758-8F77-4565-A446-B82440AF9BE3} = {8C9A7B80-0FE1-4D4B-8DB5-6E1EBA2D593E}
		{81604DF3-422B-41D2-9E5C-32566F992A4F} = {FA4C2844-FF73-4A74-9850-C8AC480EFA32}
		{058F28FC-3150-43BE-925E-B04543F4A632} = {FA4C2844-FF73-4A74-9850-C8AC480EFA32}
		{25C6B1A2-D703-4849-8791-BF86799965D4} = {FA4C2844-FF73-4A74-9850-C8AC480EFA32}
		{FB8A6EBE-A8A0-4C60-8D59-89FA98513E84} = {8C9A7B80-0FE1-4D4B-8DB5-6E1EBA2D593E}
		{A8047143-C393-4361-A70D-FF2BC43915B4} = {8C9A7B80-0FE1-4D4B-8DB5-6E1EBA2D593E}
		{546BEFC2-280D-49CC-8AA1-1B564967FF5E} = {8C9A7B80-0FE1-4D4B-8DB5-6E1EBA2D593E}
		{C57FFEB7-EF5D-4C3E-9E80-B3C2975D4C1D} = {36D591C7-65C7-A0D1-1CBC-10CDE441BDC8}
		{5A16BCE2-F01D-4B6B-8016-3503835F5972} = {36D591C7-65C7-A0D1-1CBC-10CDE441BDC8}
		{CB4CD015-62AA-4E01-9F50-CCD48EBD2A59} = {36D591C7-65C7-A0D1-1CBC-10CDE441BDC8}
		{08C4AEA3-53C8-4415-AD16-090EFD553831} = {36D591C7-65C7-A0D1-1CBC-10CDE441BDC8}
		{AE3F6EF0-7CE8-4C58-8361-058A7F1C5CF9} = {5D4A5C07-6890-4FEC-9F25-79305908F201}
		{76743742-68A7-45D1-9AA2-E5613E4D8E1E} = {5D4A5C07-6890-4FEC-9F25-79305908F201}
		{3AB466D2-EC18-4A34-8C29-09F7B4906E45} = {5D4A5C07-6890-4FEC-9F25-79305908F201}
		{F309B529-2630-4E13-A7D9-AB67A10A2BCC} = {5D4A5C07-6890-4FEC-9F25-79305908F201}
	EndGlobalSection
	GlobalSection(ExtensibilityGlobals) = postSolution
		SolutionGuid = {D3070E02-AB29-45D9-B46C-8210645FB626}
	EndGlobalSection
EndGlobal
